
Microsoft Visual Studio Solution File, Format Version 12.00
# Visual Studio 15
Project("{FAE04EC0-301F-11D3-BF4B-00C04F79EFBC}") = "md2cs", "md2cs\md2cs.csproj", "{B62E4894-6FBE-4CA0-906C-91D545DD8427}"
EndProject
Global
	GlobalSection(SolutionConfigurationPlatforms) = preSolution
		Debug|anycpu = Debug|anycpu
		Release|anycpu = Release|anycpu
	EndGlobalSection
	GlobalSection(ProjectConfigurationPlatforms) = postSolution
		{B62E4894-6FBE-4CA0-906C-91D545DD8427}.Debug|anycpu.ActiveCfg = Debug|anycpu
		{B62E4894-6FBE-4CA0-906C-91D545DD8427}.Debug|anycpu.Build.0 = Debug|anycpu
		{B62E4894-6FBE-4CA0-906C-91D545DD8427}.Release|anycpu.ActiveCfg = Release|anycpu
		{B62E4894-6FBE-4CA0-906C-91D545DD8427}.Release|anycpu.Build.0 = Release|anycpu
	EndGlobalSection
EndGlobal
