
Microsoft Visual Studio Solution File, Format Version 12.00
# Visual Studio 15
Project("{FAE04EC0-301F-11D3-BF4B-00C04F79EFBC}") = "md2cs", "md2cs\md2cs.csproj", "{B62E4894-6FBE-4CA0-906C-91D545DD8427}"
EndProject
Project("{2150E333-8FDC-42A3-9474-1A3956D46DE8}") = "Solution Items", "Solution Items", "{BDBBF6F7-B37E-4FAC-8CD4-679989374792}"
	ProjectSection(SolutionItems) = preProject
		global.json = global.json
	EndProjectSection
EndProject
Global
	GlobalSection(SolutionConfigurationPlatforms) = preSolution
		Debug|anycpu = Debug|anycpu
		Release|anycpu = Release|anycpu
	EndGlobalSection
	GlobalSection(ProjectConfigurationPlatforms) = postSolution
		{B62E4894-6FBE-4CA0-906C-91D545DD8427}.Debug|anycpu.ActiveCfg = Debug|anycpu
		{B62E4894-6FBE-4CA0-906C-91D545DD8427}.Debug|anycpu.Build.0 = Debug|anycpu
		{B62E4894-6FBE-4CA0-906C-91D545DD8427}.Release|anycpu.ActiveCfg = Release|anycpu
		{B62E4894-6FBE-4CA0-906C-91D545DD8427}.Release|anycpu.Build.0 = Release|anycpu
	EndGlobalSection
EndGlobal
